
Microsoft Visual Studio Solution File, Format Version 12.00
# Visual Studio 15
VisualStudioVersion = 15.0.28307.645
MinimumVisualStudioVersion = 10.0.40219.1
Project("{9A19103F-16F7-4668-BE54-9A1E7A4F7556}") = "IamApi", "IamApi\IamApi.csproj", "{7B1A75CB-81AF-4D2B-8889-BD341DAE7582}"
EndProject
Project("{9A19103F-16F7-4668-BE54-9A1E7A4F7556}") = "IamApiTests", "IamApiTests\IamApiTests.csproj", "{DE612A57-2B2C-408D-B742-C769B98CA3BA}"
EndProject
Global
	GlobalSection(SolutionConfigurationPlatforms) = preSolution
		Debug|Any CPU = Debug|Any CPU
		Release|Any CPU = Release|Any CPU
	EndGlobalSection
	GlobalSection(ProjectConfigurationPlatforms) = postSolution
		{7B1A75CB-81AF-4D2B-8889-BD341DAE7582}.Debug|Any CPU.ActiveCfg = Debug|Any CPU
		{7B1A75CB-81AF-4D2B-8889-BD341DAE7582}.Debug|Any CPU.Build.0 = Debug|Any CPU
		{7B1A75CB-81AF-4D2B-8889-BD341DAE7582}.Release|Any CPU.ActiveCfg = Release|Any CPU
		{7B1A75CB-81AF-4D2B-8889-BD341DAE7582}.Release|Any CPU.Build.0 = Release|Any CPU
		{DE612A57-2B2C-408D-B742-C769B98CA3BA}.Debug|Any CPU.ActiveCfg = Debug|Any CPU
		{DE612A57-2B2C-408D-B742-C769B98CA3BA}.Debug|Any CPU.Build.0 = Debug|Any CPU
		{DE612A57-2B2C-408D-B742-C769B98CA3BA}.Release|Any CPU.ActiveCfg = Release|Any CPU
		{DE612A57-2B2C-408D-B742-C769B98CA3BA}.Release|Any CPU.Build.0 = Release|Any CPU
	EndGlobalSection
	GlobalSection(SolutionProperties) = preSolution
		HideSolutionNode = FALSE
	EndGlobalSection
	GlobalSection(ExtensibilityGlobals) = postSolution
		SolutionGuid = {D16305A9-D809-4AFB-8417-7FAC28344D6F}
	EndGlobalSection
EndGlobal
